# teslatlas-linux-sidecars/v1
# architecture tesla-http-proxy-sha256 fleet-telemetry-sha256
amd64 12bce532d96a316f98c83b3c6871a48ab3928fdd756fd694905bbbd2893d8b09 0e1f12fd4fe5f26c479a70c7bcd97dbaf826f820857c84e3d36075db2605e462
arm64 38092d34c0647e48641a3abe4b4f5d19abaf1de866c4b47cee745228d5011934 b8f75253e4da7464cfd835894e25a5eb59a317284fe1ed43bd3c60404dcadffa
