# teslatlas-linux-sidecars/v1
# architecture tesla-http-proxy-sha256 fleet-telemetry-sha256
amd64 12bce532d96a316f98c83b3c6871a48ab3928fdd756fd694905bbbd2893d8b09 38c7bd4e724def63cbd6114314a50b6010d377d1959a5dbacbb187595b9c9a4a
arm64 38092d34c0647e48641a3abe4b4f5d19abaf1de866c4b47cee745228d5011934 73e2bf0827606e591f5ae34d15852db0b60a40d9573af61fc4d90193382ea6c5
