# teslatlas-linux-sidecars/v1
# architecture tesla-http-proxy-sha256 fleet-telemetry-sha256
amd64 6f8bf205479b577f4d84f1aab23b3d3435198293faa4bd04ba883169bf739edc e836275e1e4a2f373e22fb73b53cdfcbd9b0ae17f1c3f89ac3df8bb43f515097
arm64 12dc00a2547de67908501e47f56c4fab8f8d9ab315886d405987bcb08a21c64c 10579c5bd271a6b5e90f74e7b1674157c73b503cb75b1aa92ebb43e097f33deb
